
Microsoft Visual Studio Solution File, Format Version 12.00
# Visual Studio 15
VisualStudioVersion = 15.0.25807.0
MinimumVisualStudioVersion = 10.0.40219.1
Project("{2150E333-8FDC-42A3-9474-1A3956D46DE8}") = "Engine", "Engine", "{AF056E63-39E7-4E65-8199-2EBD0AC58E0F}"
EndProject
Project("{2150E333-8FDC-42A3-9474-1A3956D46DE8}") = "Games", "Games", "{3869DD69-A295-44B2-8A80-5007421BE09B}"
EndProject
Project("{8BC9CEB8-8B4A-11D0-8D11-00A0C91BC942}") = "UE4", "Intermediate\ProjectFiles\UE4.vcxproj", "{25B46A4E-70E9-420B-BA96-519E760F5B68}"
EndProject
Project("{8BC9CEB8-8B4A-11D0-8D11-00A0C91BC942}") = "ArchitectureExlporer", "Intermediate\ProjectFiles\ArchitectureExlporer.vcxproj", "{B9037D34-ED7B-4DF9-9292-7A4E69A4DF23}"
EndProject
Global
	GlobalSection(SolutionConfigurationPlatforms) = preSolution
		DebugGame Editor|HTML5 = DebugGame Editor|HTML5
		DebugGame Editor|Win32 = DebugGame Editor|Win32
		DebugGame Editor|Win64 = DebugGame Editor|Win64
		DebugGame|HTML5 = DebugGame|HTML5
		DebugGame|Win32 = DebugGame|Win32
		DebugGame|Win64 = DebugGame|Win64
		Development Editor|HTML5 = Development Editor|HTML5
		Development Editor|Win32 = Development Editor|Win32
		Development Editor|Win64 = Development Editor|Win64
		Development|HTML5 = Development|HTML5
		Development|Win32 = Development|Win32
		Development|Win64 = Development|Win64
		Shipping|HTML5 = Shipping|HTML5
		Shipping|Win32 = Shipping|Win32
		Shipping|Win64 = Shipping|Win64
	EndGlobalSection
	GlobalSection(ProjectConfigurationPlatforms) = postSolution
		{25B46A4E-70E9-420B-BA96-519E760F5B68}.DebugGame Editor|HTML5.ActiveCfg = BuiltWithUnrealBuildTool|Win32
		{25B46A4E-70E9-420B-BA96-519E760F5B68}.DebugGame Editor|HTML5.Build.0 = BuiltWithUnrealBuildTool|Win32
		{25B46A4E-70E9-420B-BA96-519E760F5B68}.DebugGame Editor|Win32.ActiveCfg = BuiltWithUnrealBuildTool|Win32
		{25B46A4E-70E9-420B-BA96-519E760F5B68}.DebugGame Editor|Win32.Build.0 = BuiltWithUnrealBuildTool|Win32
		{25B46A4E-70E9-420B-BA96-519E760F5B68}.DebugGame Editor|Win64.ActiveCfg = BuiltWithUnrealBuildTool|Win32
		{25B46A4E-70E9-420B-BA96-519E760F5B68}.DebugGame Editor|Win64.Build.0 = BuiltWithUnrealBuildTool|Win32
		{25B46A4E-70E9-420B-BA96-519E760F5B68}.DebugGame|HTML5.ActiveCfg = BuiltWithUnrealBuildTool|Win32
		{25B46A4E-70E9-420B-BA96-519E760F5B68}.DebugGame|HTML5.Build.0 = BuiltWithUnrealBuildTool|Win32
		{25B46A4E-70E9-420B-BA96-519E760F5B68}.DebugGame|Win32.ActiveCfg = BuiltWithUnrealBuildTool|Win32
		{25B46A4E-70E9-420B-BA96-519E760F5B68}.DebugGame|Win32.Build.0 = BuiltWithUnrealBuildTool|Win32
		{25B46A4E-70E9-420B-BA96-519E760F5B68}.DebugGame|Win64.ActiveCfg = BuiltWithUnrealBuildTool|Win32
		{25B46A4E-70E9-420B-BA96-519E760F5B68}.DebugGame|Win64.Build.0 = BuiltWithUnrealBuildTool|Win32
		{25B46A4E-70E9-420B-BA96-519E760F5B68}.Development Editor|HTML5.ActiveCfg = BuiltWithUnrealBuildTool|Win32
		{25B46A4E-70E9-420B-BA96-519E760F5B68}.Development Editor|HTML5.Build.0 = BuiltWithUnrealBuildTool|Win32
		{25B46A4E-70E9-420B-BA96-519E760F5B68}.Development Editor|Win32.ActiveCfg = BuiltWithUnrealBuildTool|Win32
		{25B46A4E-70E9-420B-BA96-519E760F5B68}.Development Editor|Win32.Build.0 = BuiltWithUnrealBuildTool|Win32
		{25B46A4E-70E9-420B-BA96-519E760F5B68}.Development Editor|Win64.ActiveCfg = BuiltWithUnrealBuildTool|Win32
		{25B46A4E-70E9-420B-BA96-519E760F5B68}.Development Editor|Win64.Build.0 = BuiltWithUnrealBuildTool|Win32
		{25B46A4E-70E9-420B-BA96-519E760F5B68}.Development|HTML5.ActiveCfg = BuiltWithUnrealBuildTool|Win32
		{25B46A4E-70E9-420B-BA96-519E760F5B68}.Development|HTML5.Build.0 = BuiltWithUnrealBuildTool|Win32
		{25B46A4E-70E9-420B-BA96-519E760F5B68}.Development|Win32.ActiveCfg = BuiltWithUnrealBuildTool|Win32
		{25B46A4E-70E9-420B-BA96-519E760F5B68}.Development|Win32.Build.0 = BuiltWithUnrealBuildTool|Win32
		{25B46A4E-70E9-420B-BA96-519E760F5B68}.Development|Win64.ActiveCfg = BuiltWithUnrealBuildTool|Win32
		{25B46A4E-70E9-420B-BA96-519E760F5B68}.Development|Win64.Build.0 = BuiltWithUnrealBuildTool|Win32
		{25B46A4E-70E9-420B-BA96-519E760F5B68}.Shipping|HTML5.ActiveCfg = BuiltWithUnrealBuildTool|Win32
		{25B46A4E-70E9-420B-BA96-519E760F5B68}.Shipping|HTML5.Build.0 = BuiltWithUnrealBuildTool|Win32
		{25B46A4E-70E9-420B-BA96-519E760F5B68}.Shipping|Win32.ActiveCfg = BuiltWithUnrealBuildTool|Win32
		{25B46A4E-70E9-420B-BA96-519E760F5B68}.Shipping|Win32.Build.0 = BuiltWithUnrealBuildTool|Win32
		{25B46A4E-70E9-420B-BA96-519E760F5B68}.Shipping|Win64.ActiveCfg = BuiltWithUnrealBuildTool|Win32
		{25B46A4E-70E9-420B-BA96-519E760F5B68}.Shipping|Win64.Build.0 = BuiltWithUnrealBuildTool|Win32
		{B9037D34-ED7B-4DF9-9292-7A4E69A4DF23}.DebugGame Editor|HTML5.ActiveCfg = HTML5_DebugGame_Editor|Win32
		{B9037D34-ED7B-4DF9-9292-7A4E69A4DF23}.DebugGame Editor|Win32.ActiveCfg = DebugGame_Editor|Win32
		{B9037D34-ED7B-4DF9-9292-7A4E69A4DF23}.DebugGame Editor|Win64.ActiveCfg = DebugGame_Editor|x64
		{B9037D34-ED7B-4DF9-9292-7A4E69A4DF23}.DebugGame Editor|Win64.Build.0 = DebugGame_Editor|x64
		{B9037D34-ED7B-4DF9-9292-7A4E69A4DF23}.DebugGame|HTML5.ActiveCfg = HTML5_DebugGame_Game|Win32
		{B9037D34-ED7B-4DF9-9292-7A4E69A4DF23}.DebugGame|HTML5.Build.0 = HTML5_DebugGame_Game|Win32
		{B9037D34-ED7B-4DF9-9292-7A4E69A4DF23}.DebugGame|Win32.ActiveCfg = DebugGame_Game|Win32
		{B9037D34-ED7B-4DF9-9292-7A4E69A4DF23}.DebugGame|Win32.Build.0 = DebugGame_Game|Win32
		{B9037D34-ED7B-4DF9-9292-7A4E69A4DF23}.DebugGame|Win64.ActiveCfg = DebugGame_Game|x64
		{B9037D34-ED7B-4DF9-9292-7A4E69A4DF23}.DebugGame|Win64.Build.0 = DebugGame_Game|x64
		{B9037D34-ED7B-4DF9-9292-7A4E69A4DF23}.Development Editor|HTML5.ActiveCfg = HTML5_Development_Editor|Win32
		{B9037D34-ED7B-4DF9-9292-7A4E69A4DF23}.Development Editor|Win32.ActiveCfg = Development_Editor|Win32
		{B9037D34-ED7B-4DF9-9292-7A4E69A4DF23}.Development Editor|Win64.ActiveCfg = Development_Editor|x64
		{B9037D34-ED7B-4DF9-9292-7A4E69A4DF23}.Development Editor|Win64.Build.0 = Development_Editor|x64
		{B9037D34-ED7B-4DF9-9292-7A4E69A4DF23}.Development|HTML5.ActiveCfg = HTML5_Development_Game|Win32
		{B9037D34-ED7B-4DF9-9292-7A4E69A4DF23}.Development|HTML5.Build.0 = HTML5_Development_Game|Win32
		{B9037D34-ED7B-4DF9-9292-7A4E69A4DF23}.Development|Win32.ActiveCfg = Development_Game|Win32
		{B9037D34-ED7B-4DF9-9292-7A4E69A4DF23}.Development|Win32.Build.0 = Development_Game|Win32
		{B9037D34-ED7B-4DF9-9292-7A4E69A4DF23}.Development|Win64.ActiveCfg = Development_Game|x64
		{B9037D34-ED7B-4DF9-9292-7A4E69A4DF23}.Development|Win64.Build.0 = Development_Game|x64
		{B9037D34-ED7B-4DF9-9292-7A4E69A4DF23}.Shipping|HTML5.ActiveCfg = HTML5_Shipping_Game|Win32
		{B9037D34-ED7B-4DF9-9292-7A4E69A4DF23}.Shipping|HTML5.Build.0 = HTML5_Shipping_Game|Win32
		{B9037D34-ED7B-4DF9-9292-7A4E69A4DF23}.Shipping|Win32.ActiveCfg = Shipping_Game|Win32
		{B9037D34-ED7B-4DF9-9292-7A4E69A4DF23}.Shipping|Win32.Build.0 = Shipping_Game|Win32
		{B9037D34-ED7B-4DF9-9292-7A4E69A4DF23}.Shipping|Win64.ActiveCfg = Shipping_Game|x64
		{B9037D34-ED7B-4DF9-9292-7A4E69A4DF23}.Shipping|Win64.Build.0 = Shipping_Game|x64
	EndGlobalSection
	GlobalSection(SolutionProperties) = preSolution
		HideSolutionNode = FALSE
	EndGlobalSection
	GlobalSection(NestedProjects) = preSolution
		{25B46A4E-70E9-420B-BA96-519E760F5B68} = {AF056E63-39E7-4E65-8199-2EBD0AC58E0F}
		{B9037D34-ED7B-4DF9-9292-7A4E69A4DF23} = {3869DD69-A295-44B2-8A80-5007421BE09B}
	EndGlobalSection
	GlobalSection(ExtensibilityGlobals) = postSolution
		SolutionGuid = {FAC4F024-CF7B-48C4-AB4E-02D593F5345A}
	EndGlobalSection
EndGlobal
